
Microsoft Visual Studio Solution File, Format Version 12.00
# Visual Studio Version 17
VisualStudioVersion = 17.10.34916.146
MinimumVisualStudioVersion = 10.0.40219.1
Project("{FAE04EC0-301F-11D3-BF4B-00C04F79EFBC}") = "Company_LINQ_DEMO", "Company_LINQ_DEMO\Company_LINQ_DEMO.csproj", "{508F2091-8457-462D-98E4-D0446D30DD1E}"
EndProject
Global
	GlobalSection(SolutionConfigurationPlatforms) = preSolution
		Debug|Any CPU = Debug|Any CPU
		Release|Any CPU = Release|Any CPU
	EndGlobalSection
	GlobalSection(ProjectConfigurationPlatforms) = postSolution
		{508F2091-8457-462D-98E4-D0446D30DD1E}.Debug|Any CPU.ActiveCfg = Debug|Any CPU
		{508F2091-8457-462D-98E4-D0446D30DD1E}.Debug|Any CPU.Build.0 = Debug|Any CPU
		{508F2091-8457-462D-98E4-D0446D30DD1E}.Release|Any CPU.ActiveCfg = Release|Any CPU
		{508F2091-8457-462D-98E4-D0446D30DD1E}.Release|Any CPU.Build.0 = Release|Any CPU
	EndGlobalSection
	GlobalSection(SolutionProperties) = preSolution
		HideSolutionNode = FALSE
	EndGlobalSection
	GlobalSection(ExtensibilityGlobals) = postSolution
		SolutionGuid = {4D8013A6-F5ED-4CB5-B60E-00304855E30E}
	EndGlobalSection
EndGlobal
